{
    "requires": true,
    "lockfileVersion": 1,
    "dependencies": {
        "pjax": {
            "version": "0.2.8",
            "resolved": "https://registry.npmjs.org/pjax/-/pjax-0.2.8.tgz",
            "integrity": "sha512-IeVXXIZJzxVDYzV2Td5MZkWJcny8JRCz2dQ1xxhIUbIFgP+08ymV7WXVtbF8NlUd2MZKH1cNvhuTOd2QAOGcOg=="
        }
    }
}
